
Microsoft Visual Studio Solution File, Format Version 12.00
# Visual Studio Version 16
VisualStudioVersion = 16.0.29709.97
MinimumVisualStudioVersion = 10.0.40219.1
Project("{FAE04EC0-301F-11D3-BF4B-00C04F79EFBC}") = "Hotel.WEB", "Hotel.WEB\Hotel.WEB.csproj", "{B76FF848-6B38-4E30-94FC-B85E909DDA0F}"
EndProject
Project("{FAE04EC0-301F-11D3-BF4B-00C04F79EFBC}") = "Hotel.Tests", "Hotel.Tests\Hotel.Tests.csproj", "{D603C230-4B1F-4908-9819-9E6F191F9DD9}"
EndProject
Project("{FAE04EC0-301F-11D3-BF4B-00C04F79EFBC}") = "Hotel.DAL", "Hotel.DAL\Hotel.DAL.csproj", "{5F36D115-B741-4225-872C-32E812BCDB30}"
EndProject
Project("{FAE04EC0-301F-11D3-BF4B-00C04F79EFBC}") = "Hotel.BLL", "Hotel.BLL\Hotel.BLL.csproj", "{DB63B459-8E8C-4F08-940F-5474334661AB}"
EndProject
Global
	GlobalSection(SolutionConfigurationPlatforms) = preSolution
		Debug|Any CPU = Debug|Any CPU
		Release|Any CPU = Release|Any CPU
	EndGlobalSection
	GlobalSection(ProjectConfigurationPlatforms) = postSolution
		{B76FF848-6B38-4E30-94FC-B85E909DDA0F}.Debug|Any CPU.ActiveCfg = Debug|Any CPU
		{B76FF848-6B38-4E30-94FC-B85E909DDA0F}.Debug|Any CPU.Build.0 = Debug|Any CPU
		{B76FF848-6B38-4E30-94FC-B85E909DDA0F}.Release|Any CPU.ActiveCfg = Release|Any CPU
		{B76FF848-6B38-4E30-94FC-B85E909DDA0F}.Release|Any CPU.Build.0 = Release|Any CPU
		{D603C230-4B1F-4908-9819-9E6F191F9DD9}.Debug|Any CPU.ActiveCfg = Debug|Any CPU
		{D603C230-4B1F-4908-9819-9E6F191F9DD9}.Debug|Any CPU.Build.0 = Debug|Any CPU
		{D603C230-4B1F-4908-9819-9E6F191F9DD9}.Release|Any CPU.ActiveCfg = Release|Any CPU
		{D603C230-4B1F-4908-9819-9E6F191F9DD9}.Release|Any CPU.Build.0 = Release|Any CPU
		{5F36D115-B741-4225-872C-32E812BCDB30}.Debug|Any CPU.ActiveCfg = Debug|Any CPU
		{5F36D115-B741-4225-872C-32E812BCDB30}.Debug|Any CPU.Build.0 = Debug|Any CPU
		{5F36D115-B741-4225-872C-32E812BCDB30}.Release|Any CPU.ActiveCfg = Release|Any CPU
		{5F36D115-B741-4225-872C-32E812BCDB30}.Release|Any CPU.Build.0 = Release|Any CPU
		{DB63B459-8E8C-4F08-940F-5474334661AB}.Debug|Any CPU.ActiveCfg = Debug|Any CPU
		{DB63B459-8E8C-4F08-940F-5474334661AB}.Debug|Any CPU.Build.0 = Debug|Any CPU
		{DB63B459-8E8C-4F08-940F-5474334661AB}.Release|Any CPU.ActiveCfg = Release|Any CPU
		{DB63B459-8E8C-4F08-940F-5474334661AB}.Release|Any CPU.Build.0 = Release|Any CPU
	EndGlobalSection
	GlobalSection(SolutionProperties) = preSolution
		HideSolutionNode = FALSE
	EndGlobalSection
	GlobalSection(ExtensibilityGlobals) = postSolution
		SolutionGuid = {230881A7-86E1-4888-9CF2-FD9E9C38FFE6}
	EndGlobalSection
EndGlobal
